// !$*UTF8*$!
{
	archiveVersion = 1;
	classes = {
	};
	objectVersion = 56;
	objects = {

/* Begin PBXBuildFile section */
		52DCE42629B9EC56004BB3FE /* AppDelegate.swift in Sources */ = {isa = PBXBuildFile; fileRef = 52DCE42529B9EC56004BB3FE /* AppDelegate.swift */; };
		52DCE42829B9EC56004BB3FE /* SceneDelegate.swift in Sources */ = {isa = PBXBuildFile; fileRef = 52DCE42729B9EC56004BB3FE /* SceneDelegate.swift */; };
		52DCE42A29B9EC56004BB3FE /* ViewController.swift in Sources */ = {isa = PBXBuildFile; fileRef = 52DCE42929B9EC56004BB3FE /* ViewController.swift */; };
		52DCE42D29B9EC56004BB3FE /* Main.storyboard in Resources */ = {isa = PBXBuildFile; fileRef = 52DCE42B29B9EC56004BB3FE /* Main.storyboard */; };
		52DCE42F29B9EC58004BB3FE /* Assets.xcassets in Resources */ = {isa = PBXBuildFile; fileRef = 52DCE42E29B9EC58004BB3FE /* Assets.xcassets */; };
		52DCE43229B9EC58004BB3FE /* LaunchScreen.storyboard in Resources */ = {isa = PBXBuildFile; fileRef = 52DCE43029B9EC58004BB3FE /* LaunchScreen.storyboard */; };
		52DCE43D29B9EC58004BB3FE /* ChaosCoinTests.swift in Sources */ = {isa = PBXBuildFile; fileRef = 52DCE43C29B9EC58004BB3FE /* ChaosCoinTests.swift */; };
		52DCE44729B9EC58004BB3FE /* ChaosCoinUITests.swift in Sources */ = {isa = PBXBuildFile; fileRef = 52DCE44629B9EC58004BB3FE /* ChaosCoinUITests.swift */; };
		52DCE44929B9EC58004BB3FE /* ChaosCoinUITestsLaunchTests.swift in Sources */ = {isa = PBXBuildFile; fileRef = 52DCE44829B9EC58004BB3FE /* ChaosCoinUITestsLaunchTests.swift */; };
/* End PBXBuildFile section */

/* Begin PBXContainerItemProxy section */
		52DCE43929B9EC58004BB3FE /* PBXContainerItemProxy */ = {
			isa = PBXContainerItemProxy;
			containerPortal = 52DCE41A29B9EC56004BB3FE /* Project object */;
			proxyType = 1;
			remoteGlobalIDString = 52DCE42129B9EC56004BB3FE;
			remoteInfo = ChaosCoin;
		};
		52DCE44329B9EC58004BB3FE /* PBXContainerItemProxy */ = {
			isa = PBXContainerItemProxy;
			containerPortal = 52DCE41A29B9EC56004BB3FE /* Project object */;
			proxyType = 1;
			remoteGlobalIDString = 52DCE42129B9EC56004BB3FE;
			remoteInfo = ChaosCoin;
		};
/* End PBXContainerItemProxy section */

/* Begin PBXFileReference section */
		52DCE42229B9EC56004BB3FE /* ChaosCoin.app */ = {isa = PBXFileReference; explicitFileType = wrapper.application; includeInIndex = 0; path = ChaosCoin.app; sourceTree = BUILT_PRODUCTS_DIR; };
		52DCE42529B9EC56004BB3FE /* AppDelegate.swift */ = {isa = PBXFileReference; lastKnownFileType = sourcecode.swift; path = AppDelegate.swift; sourceTree = "<group>"; };
		52DCE42729B9EC56004BB3FE /* SceneDelegate.swift */ = {isa = PBXFileReference; lastKnownFileType = sourcecode.swift; path = SceneDelegate.swift; sourceTree = "<group>"; };
		52DCE42929B9EC56004BB3FE /* ViewController.swift */ = {isa = PBXFileReference; lastKnownFileType = sourcecode.swift; path = ViewController.swift; sourceTree = "<group>"; };
		52DCE42C29B9EC56004BB3FE /* Base */ = {isa = PBXFileReference; lastKnownFileType = file.storyboard; name = Base; path = Base.lproj/Main.storyboard; sourceTree = "<group>"; };
		52DCE42E29B9EC58004BB3FE /* Assets.xcassets */ = {isa = PBXFileReference; lastKnownFileType = folder.assetcatalog; path = Assets.xcassets; sourceTree = "<group>"; };
		52DCE43129B9EC58004BB3FE /* Base */ = {isa = PBXFileReference; lastKnownFileType = file.storyboard; name = Base; path = Base.lproj/LaunchScreen.storyboard; sourceTree = "<group>"; };
		52DCE43329B9EC58004BB3FE /* Info.plist */ = {isa = PBXFileReference; lastKnownFileType = text.plist.xml; path = Info.plist; sourceTree = "<group>"; };
		52DCE43829B9EC58004BB3FE /* ChaosCoinTests.xctest */ = {isa = PBXFileReference; explicitFileType = wrapper.cfbundle; includeInIndex = 0; path = ChaosCoinTests.xctest; sourceTree = BUILT_PRODUCTS_DIR; };
		52DCE43C29B9EC58004BB3FE /* ChaosCoinTests.swift */ = {isa = PBXFileReference; lastKnownFileType = sourcecode.swift; path = ChaosCoinTests.swift; sourceTree = "<group>"; };
		52DCE44229B9EC58004BB3FE /* ChaosCoinUITests.xctest */ = {isa = PBXFileReference; explicitFileType = wrapper.cfbundle; includeInIndex = 0; path = ChaosCoinUITests.xctest; sourceTree = BUILT_PRODUCTS_DIR; };
		52DCE44629B9EC58004BB3FE /* ChaosCoinUITests.swift */ = {isa = PBXFileReference; lastKnownFileType = sourcecode.swift; path = ChaosCoinUITests.swift; sourceTree = "<group>"; };
		52DCE44829B9EC58004BB3FE /* ChaosCoinUITestsLaunchTests.swift */ = {isa = PBXFileReference; lastKnownFileType = sourcecode.swift; path = ChaosCoinUITestsLaunchTests.swift; sourceTree = "<group>"; };
/* End PBXFileReference section */

/* Begin PBXFrameworksBuildPhase section */
		52DCE41F29B9EC56004BB3FE /* Frameworks */ = {
			isa = PBXFrameworksBuildPhase;
			buildActionMask = 2147483647;
			files = (
			);
			runOnlyForDeploymentPostprocessing = 0;
		};
		52DCE43529B9EC58004BB3FE /* Frameworks */ = {
			isa = PBXFrameworksBuildPhase;
			buildActionMask = 2147483647;
			files = (
			);
			runOnlyForDeploymentPostprocessing = 0;
		};
		52DCE43F29B9EC58004BB3FE /* Frameworks */ = {
			isa = PBXFrameworksBuildPhase;
			buildActionMask = 2147483647;
			files = (
			);
			runOnlyForDeploymentPostprocessing = 0;
		};
/* End PBXFrameworksBuildPhase section */

/* Begin PBXGroup section */
		52DCE41929B9EC56004BB3FE = {
			isa = PBXGroup;
			children = (
				52DCE42429B9EC56004BB3FE /* ChaosCoin */,
				52DCE43B29B9EC58004BB3FE /* ChaosCoinTests */,
				52DCE44529B9EC58004BB3FE /* ChaosCoinUITests */,
				52DCE42329B9EC56004BB3FE /* Products */,
			);
			sourceTree = "<group>";
		};
		52DCE42329B9EC56004BB3FE /* Products */ = {
			isa = PBXGroup;
			children = (
				52DCE42229B9EC56004BB3FE /* ChaosCoin.app */,
				52DCE43829B9EC58004BB3FE /* ChaosCoinTests.xctest */,
				52DCE44229B9EC58004BB3FE /* ChaosCoinUITests.xctest */,
			);
			name = Products;
			sourceTree = "<group>";
		};
		52DCE42429B9EC56004BB3FE /* ChaosCoin */ = {
			isa = PBXGroup;
			children = (
				52DCE42529B9EC56004BB3FE /* AppDelegate.swift */,
				52DCE42729B9EC56004BB3FE /* SceneDelegate.swift */,
				52DCE42929B9EC56004BB3FE /* ViewController.swift */,
				52DCE42B29B9EC56004BB3FE /* Main.storyboard */,
				52DCE42E29B9EC58004BB3FE /* Assets.xcassets */,
				52DCE43029B9EC58004BB3FE /* LaunchScreen.storyboard */,
				52DCE43329B9EC58004BB3FE /* Info.plist */,
			);
			path = ChaosCoin;
			sourceTree = "<group>";
		};
		52DCE43B29B9EC58004BB3FE /* ChaosCoinTests */ = {
			isa = PBXGroup;
			children = (
				52DCE43C29B9EC58004BB3FE /* ChaosCoinTests.swift */,
			);
			path = ChaosCoinTests;
			sourceTree = "<group>";
		};
		52DCE44529B9EC58004BB3FE /* ChaosCoinUITests */ = {
			isa = PBXGroup;
			children = (
				52DCE44629B9EC58004BB3FE /* ChaosCoinUITests.swift */,
				52DCE44829B9EC58004BB3FE /* ChaosCoinUITestsLaunchTests.swift */,
			);
			path = ChaosCoinUITests;
			sourceTree = "<group>";
		};
/* End PBXGroup section */

/* Begin PBXNativeTarget section */
		52DCE42129B9EC56004BB3FE /* ChaosCoin */ = {
			isa = PBXNativeTarget;
			buildConfigurationList = 52DCE44C29B9EC58004BB3FE /* Build configuration list for PBXNativeTarget "ChaosCoin" */;
			buildPhases = (
				52DCE41E29B9EC56004BB3FE /* Sources */,
				52DCE41F29B9EC56004BB3FE /* Frameworks */,
				52DCE42029B9EC56004BB3FE /* Resources */,
			);
			buildRules = (
			);
			dependencies = (
			);
			name = ChaosCoin;
			productName = ChaosCoin;
			productReference = 52DCE42229B9EC56004BB3FE /* ChaosCoin.app */;
			productType = "com.apple.product-type.application";
		};
		52DCE43729B9EC58004BB3FE /* ChaosCoinTests */ = {
			isa = PBXNativeTarget;
			buildConfigurationList = 52DCE44F29B9EC58004BB3FE /* Build configuration list for PBXNativeTarget "ChaosCoinTests" */;
			buildPhases = (
				52DCE43429B9EC58004BB3FE /* Sources */,
				52DCE43529B9EC58004BB3FE /* Frameworks */,
				52DCE43629B9EC58004BB3FE /* Resources */,
			);
			buildRules = (
			);
			dependencies = (
				52DCE43A29B9EC58004BB3FE /* PBXTargetDependency */,
			);
			name = ChaosCoinTests;
			productName = ChaosCoinTests;
			productReference = 52DCE43829B9EC58004BB3FE /* ChaosCoinTests.xctest */;
			productType = "com.apple.product-type.bundle.unit-test";
		};
		52DCE44129B9EC58004BB3FE /* ChaosCoinUITests */ = {
			isa = PBXNativeTarget;
			buildConfigurationList = 52DCE45229B9EC58004BB3FE /* Build configuration list for PBXNativeTarget "ChaosCoinUITests" */;
			buildPhases = (
				52DCE43E29B9EC58004BB3FE /* Sources */,
				52DCE43F29B9EC58004BB3FE /* Frameworks */,
				52DCE44029B9EC58004BB3FE /* Resources */,
			);
			buildRules = (
			);
			dependencies = (
				52DCE44429B9EC58004BB3FE /* PBXTargetDependency */,
			);
			name = ChaosCoinUITests;
			productName = ChaosCoinUITests;
			productReference = 52DCE44229B9EC58004BB3FE /* ChaosCoinUITests.xctest */;
			productType = "com.apple.product-type.bundle.ui-testing";
		};
/* End PBXNativeTarget section */

/* Begin PBXProject section */
		52DCE41A29B9EC56004BB3FE /* Project object */ = {
			isa = PBXProject;
			attributes = {
				BuildIndependentTargetsInParallel = 1;
				LastSwiftUpdateCheck = 1410;
				LastUpgradeCheck = 1410;
				TargetAttributes = {
					52DCE42129B9EC56004BB3FE = {
						CreatedOnToolsVersion = 14.1;
					};
					52DCE43729B9EC58004BB3FE = {
						CreatedOnToolsVersion = 14.1;
						TestTargetID = 52DCE42129B9EC56004BB3FE;
					};
					52DCE44129B9EC58004BB3FE = {
						CreatedOnToolsVersion = 14.1;
						TestTargetID = 52DCE42129B9EC56004BB3FE;
					};
				};
			};
			buildConfigurationList = 52DCE41D29B9EC56004BB3FE /* Build configuration list for PBXProject "ChaosCoin" */;
			compatibilityVersion = "Xcode 14.0";
			developmentRegion = en;
			hasScannedForEncodings = 0;
			knownRegions = (
				en,
				Base,
			);
			mainGroup = 52DCE41929B9EC56004BB3FE;
			productRefGroup = 52DCE42329B9EC56004BB3FE /* Products */;
			projectDirPath = "";
			projectRoot = "";
			targets = (
				52DCE42129B9EC56004BB3FE /* ChaosCoin */,
				52DCE43729B9EC58004BB3FE /* ChaosCoinTests */,
				52DCE44129B9EC58004BB3FE /* ChaosCoinUITests */,
			);
		};
/* End PBXProject section */

/* Begin PBXResourcesBuildPhase section */
		52DCE42029B9EC56004BB3FE /* Resources */ = {
			isa = PBXResourcesBuildPhase;
			buildActionMask = 2147483647;
			files = (
				52DCE43229B9EC58004BB3FE /* LaunchScreen.storyboard in Resources */,
				52DCE42F29B9EC58004BB3FE /* Assets.xcassets in Resources */,
				52DCE42D29B9EC56004BB3FE /* Main.storyboard in Resources */,
			);
			runOnlyForDeploymentPostprocessing = 0;
		};
		52DCE43629B9EC58004BB3FE /* Resources */ = {
			isa = PBXResourcesBuildPhase;
			buildActionMask = 2147483647;
			files = (
			);
			runOnlyForDeploymentPostprocessing = 0;
		};
		52DCE44029B9EC58004BB3FE /* Resources */ = {
			isa = PBXResourcesBuildPhase;
			buildActionMask = 2147483647;
			files = (
			);
			runOnlyForDeploymentPostprocessing = 0;
		};
/* End PBXResourcesBuildPhase section */

/* Begin PBXSourcesBuildPhase section */
		52DCE41E29B9EC56004BB3FE /* Sources */ = {
			isa = PBXSourcesBuildPhase;
			buildActionMask = 2147483647;
			files = (
				52DCE42A29B9EC56004BB3FE /* ViewController.swift in Sources */,
				52DCE42629B9EC56004BB3FE /* AppDelegate.swift in Sources */,
				52DCE42829B9EC56004BB3FE /* SceneDelegate.swift in Sources */,
			);
			runOnlyForDeploymentPostprocessing = 0;
		};
		52DCE43429B9EC58004BB3FE /* Sources */ = {
			isa = PBXSourcesBuildPhase;
			buildActionMask = 2147483647;
			files = (
				52DCE43D29B9EC58004BB3FE /* ChaosCoinTests.swift in Sources */,
			);
			runOnlyForDeploymentPostprocessing = 0;
		};
		52DCE43E29B9EC58004BB3FE /* Sources */ = {
			isa = PBXSourcesBuildPhase;
			buildActionMask = 2147483647;
			files = (
				52DCE44929B9EC58004BB3FE /* ChaosCoinUITestsLaunchTests.swift in Sources */,
				52DCE44729B9EC58004BB3FE /* ChaosCoinUITests.swift in Sources */,
			);
			runOnlyForDeploymentPostprocessing = 0;
		};
/* End PBXSourcesBuildPhase section */

/* Begin PBXTargetDependency section */
		52DCE43A29B9EC58004BB3FE /* PBXTargetDependency */ = {
			isa = PBXTargetDependency;
			target = 52DCE42129B9EC56004BB3FE /* ChaosCoin */;
			targetProxy = 52DCE43929B9EC58004BB3FE /* PBXContainerItemProxy */;
		};
		52DCE44429B9EC58004BB3FE /* PBXTargetDependency */ = {
			isa = PBXTargetDependency;
			target = 52DCE42129B9EC56004BB3FE /* ChaosCoin */;
			targetProxy = 52DCE44329B9EC58004BB3FE /* PBXContainerItemProxy */;
		};
/* End PBXTargetDependency section */

/* Begin PBXVariantGroup section */
		52DCE42B29B9EC56004BB3FE /* Main.storyboard */ = {
			isa = PBXVariantGroup;
			children = (
				52DCE42C29B9EC56004BB3FE /* Base */,
			);
			name = Main.storyboard;
			sourceTree = "<group>";
		};
		52DCE43029B9EC58004BB3FE /* LaunchScreen.storyboard */ = {
			isa = PBXVariantGroup;
			children = (
				52DCE43129B9EC58004BB3FE /* Base */,
			);
			name = LaunchScreen.storyboard;
			sourceTree = "<group>";
		};
/* End PBXVariantGroup section */

/* Begin XCBuildConfiguration section */
		52DCE44A29B9EC58004BB3FE /* Debug */ = {
			isa = XCBuildConfiguration;
			buildSettings = {
				ALWAYS_SEARCH_USER_PATHS = NO;
				CLANG_ANALYZER_NONNULL = YES;
				CLANG_ANALYZER_NUMBER_OBJECT_CONVERSION = YES_AGGRESSIVE;
				CLANG_CXX_LANGUAGE_STANDARD = "gnu++20";
				CLANG_ENABLE_MODULES = YES;
				CLANG_ENABLE_OBJC_ARC = YES;
				CLANG_ENABLE_OBJC_WEAK = YES;
				CLANG_WARN_BLOCK_CAPTURE_AUTORELEASING = YES;
				CLANG_WARN_BOOL_CONVERSION = YES;
				CLANG_WARN_COMMA = YES;
				CLANG_WARN_CONSTANT_CONVERSION = YES;
				CLANG_WARN_DEPRECATED_OBJC_IMPLEMENTATIONS = YES;
				CLANG_WARN_DIRECT_OBJC_ISA_USAGE = YES_ERROR;
				CLANG_WARN_DOCUMENTATION_COMMENTS = YES;
				CLANG_WARN_EMPTY_BODY = YES;
				CLANG_WARN_ENUM_CONVERSION = YES;
				CLANG_WARN_INFINITE_RECURSION = YES;
				CLANG_WARN_INT_CONVERSION = YES;
				CLANG_WARN_NON_LITERAL_NULL_CONVERSION = YES;
				CLANG_WARN_OBJC_IMPLICIT_RETAIN_SELF = YES;
				CLANG_WARN_OBJC_LITERAL_CONVERSION = YES;
				CLANG_WARN_OBJC_ROOT_CLASS = YES_ERROR;
				CLANG_WARN_QUOTED_INCLUDE_IN_FRAMEWORK_HEADER = YES;
				CLANG_WARN_RANGE_LOOP_ANALYSIS = YES;
				CLANG_WARN_STRICT_PROTOTYPES = YES;
				CLANG_WARN_SUSPICIOUS_MOVE = YES;
				CLANG_WARN_UNGUARDED_AVAILABILITY = YES_AGGRESSIVE;
				CLANG_WARN_UNREACHABLE_CODE = YES;
				CLANG_WARN__DUPLICATE_METHOD_MATCH = YES;
				COPY_PHASE_STRIP = NO;
				DEBUG_INFORMATION_FORMAT = dwarf;
				ENABLE_STRICT_OBJC_MSGSEND = YES;
				ENABLE_TESTABILITY = YES;
				GCC_C_LANGUAGE_STANDARD = gnu11;
				GCC_DYNAMIC_NO_PIC = NO;
				GCC_NO_COMMON_BLOCKS = YES;
				GCC_OPTIMIZATION_LEVEL = 0;
				GCC_PREPROCESSOR_DEFINITIONS = (
					"DEBUG=1",
					"$(inherited)",
				);
				GCC_WARN_64_TO_32_BIT_CONVERSION = YES;
				GCC_WARN_ABOUT_RETURN_TYPE = YES_ERROR;
				GCC_WARN_UNDECLARED_SELECTOR = YES;
				GCC_WARN_UNINITIALIZED_AUTOS = YES_AGGRESSIVE;
				GCC_WARN_UNUSED_FUNCTION = YES;
				GCC_WARN_UNUSED_VARIABLE = YES;
				IPHONEOS_DEPLOYMENT_TARGET = 16.1;
				MTL_ENABLE_DEBUG_INFO = INCLUDE_SOURCE;
				MTL_FAST_MATH = YES;
				ONLY_ACTIVE_ARCH = YES;
				SDKROOT = iphoneos;
				SWIFT_ACTIVE_COMPILATION_CONDITIONS = DEBUG;
				SWIFT_OPTIMIZATION_LEVEL = "-Onone";
			};
			name = Debug;
		};
		52DCE44B29B9EC58004BB3FE /* Release */ = {
			isa = XCBuildConfiguration;
			buildSettings = {
				ALWAYS_SEARCH_USER_PATHS = NO;
				CLANG_ANALYZER_NONNULL = YES;
				CLANG_ANALYZER_NUMBER_OBJECT_CONVERSION = YES_AGGRESSIVE;
				CLANG_CXX_LANGUAGE_STANDARD = "gnu++20";
				CLANG_ENABLE_MODULES = YES;
				CLANG_ENABLE_OBJC_ARC = YES;
				CLANG_ENABLE_OBJC_WEAK = YES;
				CLANG_WARN_BLOCK_CAPTURE_AUTORELEASING = YES;
				CLANG_WARN_BOOL_CONVERSION = YES;
				CLANG_WARN_COMMA = YES;
				CLANG_WARN_CONSTANT_CONVERSION = YES;
				CLANG_WARN_DEPRECATED_OBJC_IMPLEMENTATIONS = YES;
				CLANG_WARN_DIRECT_OBJC_ISA_USAGE = YES_ERROR;
				CLANG_WARN_DOCUMENTATION_COMMENTS = YES;
				CLANG_WARN_EMPTY_BODY = YES;
				CLANG_WARN_ENUM_CONVERSION = YES;
				CLANG_WARN_INFINITE_RECURSION = YES;
				CLANG_WARN_INT_CONVERSION = YES;
				CLANG_WARN_NON_LITERAL_NULL_CONVERSION = YES;
				CLANG_WARN_OBJC_IMPLICIT_RETAIN_SELF = YES;
				CLANG_WARN_OBJC_LITERAL_CONVERSION = YES;
				CLANG_WARN_OBJC_ROOT_CLASS = YES_ERROR;
				CLANG_WARN_QUOTED_INCLUDE_IN_FRAMEWORK_HEADER = YES;
				CLANG_WARN_RANGE_LOOP_ANALYSIS = YES;
				CLANG_WARN_STRICT_PROTOTYPES = YES;
				CLANG_WARN_SUSPICIOUS_MOVE = YES;
				CLANG_WARN_UNGUARDED_AVAILABILITY = YES_AGGRESSIVE;
				CLANG_WARN_UNREACHABLE_CODE = YES;
				CLANG_WARN__DUPLICATE_METHOD_MATCH = YES;
				COPY_PHASE_STRIP = NO;
				DEBUG_INFORMATION_FORMAT = "dwarf-with-dsym";
				ENABLE_NS_ASSERTIONS = NO;
				ENABLE_STRICT_OBJC_MSGSEND = YES;
				GCC_C_LANGUAGE_STANDARD = gnu11;
				GCC_NO_COMMON_BLOCKS = YES;
				GCC_WARN_64_TO_32_BIT_CONVERSION = YES;
				GCC_WARN_ABOUT_RETURN_TYPE = YES_ERROR;
				GCC_WARN_UNDECLARED_SELECTOR = YES;
				GCC_WARN_UNINITIALIZED_AUTOS = YES_AGGRESSIVE;
				GCC_WARN_UNUSED_FUNCTION = YES;
				GCC_WARN_UNUSED_VARIABLE = YES;
				IPHONEOS_DEPLOYMENT_TARGET = 16.1;
				MTL_ENABLE_DEBUG_INFO = NO;
				MTL_FAST_MATH = YES;
				SDKROOT = iphoneos;
				SWIFT_COMPILATION_MODE = wholemodule;
				SWIFT_OPTIMIZATION_LEVEL = "-O";
				VALIDATE_PRODUCT = YES;
			};
			name = Release;
		};
		52DCE44D29B9EC58004BB3FE /* Debug */ = {
			isa = XCBuildConfiguration;
			buildSettings = {
				ASSETCATALOG_COMPILER_APPICON_NAME = AppIcon;
				ASSETCATALOG_COMPILER_GLOBAL_ACCENT_COLOR_NAME = AccentColor;
				CODE_SIGN_STYLE = Automatic;
				CURRENT_PROJECT_VERSION = 1;
				GENERATE_INFOPLIST_FILE = YES;
				INFOPLIST_FILE = ChaosCoin/Info.plist;
				INFOPLIST_KEY_UIApplicationSupportsIndirectInputEvents = YES;
				INFOPLIST_KEY_UILaunchStoryboardName = LaunchScreen;
				INFOPLIST_KEY_UIMainStoryboardFile = Main;
				INFOPLIST_KEY_UISupportedInterfaceOrientations_iPad = "UIInterfaceOrientationPortrait UIInterfaceOrientationPortraitUpsideDown UIInterfaceOrientationLandscapeLeft UIInterfaceOrientationLandscapeRight";
				INFOPLIST_KEY_UISupportedInterfaceOrientations_iPhone = "UIInterfaceOrientationPortrait UIInterfaceOrientationLandscapeLeft UIInterfaceOrientationLandscapeRight";
				LD_RUNPATH_SEARCH_PATHS = (
					"$(inherited)",
					"@executable_path/Frameworks",
				);
				MARKETING_VERSION = 1.0;
				PRODUCT_BUNDLE_IDENTIFIER = com.johnny.ChaosCoin;
				PRODUCT_NAME = "$(TARGET_NAME)";
				SWIFT_EMIT_LOC_STRINGS = YES;
				SWIFT_VERSION = 5.0;
				TARGETED_DEVICE_FAMILY = "1,2";
			};
			name = Debug;
		};
		52DCE44E29B9EC58004BB3FE /* Release */ = {
			isa = XCBuildConfiguration;
			buildSettings = {
				ASSETCATALOG_COMPILER_APPICON_NAME = AppIcon;
				ASSETCATALOG_COMPILER_GLOBAL_ACCENT_COLOR_NAME = AccentColor;
				CODE_SIGN_STYLE = Automatic;
				CURRENT_PROJECT_VERSION = 1;
				GENERATE_INFOPLIST_FILE = YES;
				INFOPLIST_FILE = ChaosCoin/Info.plist;
				INFOPLIST_KEY_UIApplicationSupportsIndirectInputEvents = YES;
				INFOPLIST_KEY_UILaunchStoryboardName = LaunchScreen;
				INFOPLIST_KEY_UIMainStoryboardFile = Main;
				INFOPLIST_KEY_UISupportedInterfaceOrientations_iPad = "UIInterfaceOrientationPortrait UIInterfaceOrientationPortraitUpsideDown UIInterfaceOrientationLandscapeLeft UIInterfaceOrientationLandscapeRight";
				INFOPLIST_KEY_UISupportedInterfaceOrientations_iPhone = "UIInterfaceOrientationPortrait UIInterfaceOrientationLandscapeLeft UIInterfaceOrientationLandscapeRight";
				LD_RUNPATH_SEARCH_PATHS = (
					"$(inherited)",
					"@executable_path/Frameworks",
				);
				MARKETING_VERSION = 1.0;
				PRODUCT_BUNDLE_IDENTIFIER = com.johnny.ChaosCoin;
				PRODUCT_NAME = "$(TARGET_NAME)";
				SWIFT_EMIT_LOC_STRINGS = YES;
				SWIFT_VERSION = 5.0;
				TARGETED_DEVICE_FAMILY = "1,2";
			};
			name = Release;
		};
		52DCE45029B9EC58004BB3FE /* Debug */ = {
			isa = XCBuildConfiguration;
			buildSettings = {
				ALWAYS_EMBED_SWIFT_STANDARD_LIBRARIES = YES;
				BUNDLE_LOADER = "$(TEST_HOST)";
				CODE_SIGN_STYLE = Automatic;
				CURRENT_PROJECT_VERSION = 1;
				GENERATE_INFOPLIST_FILE = YES;
				IPHONEOS_DEPLOYMENT_TARGET = 16.1;
				MARKETING_VERSION = 1.0;
				PRODUCT_BUNDLE_IDENTIFIER = com.johnny.ChaosCoinTests;
				PRODUCT_NAME = "$(TARGET_NAME)";
				SWIFT_EMIT_LOC_STRINGS = NO;
				SWIFT_VERSION = 5.0;
				TARGETED_DEVICE_FAMILY = "1,2";
				TEST_HOST = "$(BUILT_PRODUCTS_DIR)/ChaosCoin.app/$(BUNDLE_EXECUTABLE_FOLDER_PATH)/ChaosCoin";
			};
			name = Debug;
		};
		52DCE45129B9EC58004BB3FE /* Release */ = {
			isa = XCBuildConfiguration;
			buildSettings = {
				ALWAYS_EMBED_SWIFT_STANDARD_LIBRARIES = YES;
				BUNDLE_LOADER = "$(TEST_HOST)";
				CODE_SIGN_STYLE = Automatic;
				CURRENT_PROJECT_VERSION = 1;
				GENERATE_INFOPLIST_FILE = YES;
				IPHONEOS_DEPLOYMENT_TARGET = 16.1;
				MARKETING_VERSION = 1.0;
				PRODUCT_BUNDLE_IDENTIFIER = com.johnny.ChaosCoinTests;
				PRODUCT_NAME = "$(TARGET_NAME)";
				SWIFT_EMIT_LOC_STRINGS = NO;
				SWIFT_VERSION = 5.0;
				TARGETED_DEVICE_FAMILY = "1,2";
				TEST_HOST = "$(BUILT_PRODUCTS_DIR)/ChaosCoin.app/$(BUNDLE_EXECUTABLE_FOLDER_PATH)/ChaosCoin";
			};
			name = Release;
		};
		52DCE45329B9EC58004BB3FE /* Debug */ = {
			isa = XCBuildConfiguration;
			buildSettings = {
				ALWAYS_EMBED_SWIFT_STANDARD_LIBRARIES = YES;
				CODE_SIGN_STYLE = Automatic;
				CURRENT_PROJECT_VERSION = 1;
				GENERATE_INFOPLIST_FILE = YES;
				MARKETING_VERSION = 1.0;
				PRODUCT_BUNDLE_IDENTIFIER = com.johnny.ChaosCoinUITests;
				PRODUCT_NAME = "$(TARGET_NAME)";
				SWIFT_EMIT_LOC_STRINGS = NO;
				SWIFT_VERSION = 5.0;
				TARGETED_DEVICE_FAMILY = "1,2";
				TEST_TARGET_NAME = ChaosCoin;
			};
			name = Debug;
		};
		52DCE45429B9EC58004BB3FE /* Release */ = {
			isa = XCBuildConfiguration;
			buildSettings = {
				ALWAYS_EMBED_SWIFT_STANDARD_LIBRARIES = YES;
				CODE_SIGN_STYLE = Automatic;
				CURRENT_PROJECT_VERSION = 1;
				GENERATE_INFOPLIST_FILE = YES;
				MARKETING_VERSION = 1.0;
				PRODUCT_BUNDLE_IDENTIFIER = com.johnny.ChaosCoinUITests;
				PRODUCT_NAME = "$(TARGET_NAME)";
				SWIFT_EMIT_LOC_STRINGS = NO;
				SWIFT_VERSION = 5.0;
				TARGETED_DEVICE_FAMILY = "1,2";
				TEST_TARGET_NAME = ChaosCoin;
			};
			name = Release;
		};
/* End XCBuildConfiguration section */

/* Begin XCConfigurationList section */
		52DCE41D29B9EC56004BB3FE /* Build configuration list for PBXProject "ChaosCoin" */ = {
			isa = XCConfigurationList;
			buildConfigurations = (
				52DCE44A29B9EC58004BB3FE /* Debug */,
				52DCE44B29B9EC58004BB3FE /* Release */,
			);
			defaultConfigurationIsVisible = 0;
			defaultConfigurationName = Release;
		};
		52DCE44C29B9EC58004BB3FE /* Build configuration list for PBXNativeTarget "ChaosCoin" */ = {
			isa = XCConfigurationList;
			buildConfigurations = (
				52DCE44D29B9EC58004BB3FE /* Debug */,
				52DCE44E29B9EC58004BB3FE /* Release */,
			);
			defaultConfigurationIsVisible = 0;
			defaultConfigurationName = Release;
		};
		52DCE44F29B9EC58004BB3FE /* Build configuration list for PBXNativeTarget "ChaosCoinTests" */ = {
			isa = XCConfigurationList;
			buildConfigurations = (
				52DCE45029B9EC58004BB3FE /* Debug */,
				52DCE45129B9EC58004BB3FE /* Release */,
			);
			defaultConfigurationIsVisible = 0;
			defaultConfigurationName = Release;
		};
		52DCE45229B9EC58004BB3FE /* Build configuration list for PBXNativeTarget "ChaosCoinUITests" */ = {
			isa = XCConfigurationList;
			buildConfigurations = (
				52DCE45329B9EC58004BB3FE /* Debug */,
				52DCE45429B9EC58004BB3FE /* Release */,
			);
			defaultConfigurationIsVisible = 0;
			defaultConfigurationName = Release;
		};
/* End XCConfigurationList section */
	};
	rootObject = 52DCE41A29B9EC56004BB3FE /* Project object */;
}
